
Microsoft Visual Studio Solution File, Format Version 12.00
# Visual Studio Version 16
VisualStudioVersion = 16.0.29318.209
MinimumVisualStudioVersion = 10.0.40219.1
Project("{2150E333-8FDC-42A3-9474-1A3956D46DE8}") = "Solution Items", "Solution Items", "{6AC5F24C-EF86-424F-AC3E-79FF0E343684}"
	ProjectSection(SolutionItems) = preProject
		.appveyor.yml = .appveyor.yml
		.editorconfig = .editorconfig
		.gitignore = .gitignore
		Directory.Build.props = Directory.Build.props
		Directory.Build.targets = Directory.Build.targets
		Dockerfile = Dockerfile
		LICENSE.md = LICENSE.md
		README.md = README.md
	EndProjectSection
EndProject
Project("{2150E333-8FDC-42A3-9474-1A3956D46DE8}") = "tests", "tests", "{3DBD52E4-26F8-413F-A954-2BE86E572F3E}"
EndProject
Project("{2150E333-8FDC-42A3-9474-1A3956D46DE8}") = "build", "build", "{1C185F4C-C7D7-4A2A-9305-506ADA053E12}"
	ProjectSection(SolutionItems) = preProject
		build\build.props = build\build.props
		build\build.targets = build\build.targets
	EndProjectSection
EndProject
Project("{930C7802-8A8C-48F9-8165-68863BCCD9DD}") = "Nexus.Deployment", "src\Nexus.Deployment\Nexus.Deployment.wixproj", "{6F96C4C6-F442-4240-9D83-BAFE70D63ED3}"
EndProject
Project("{2150E333-8FDC-42A3-9474-1A3956D46DE8}") = "src", "src", "{D4BFDD2B-4F50-4AF3-8906-6C003E70BA56}"
EndProject
Project("{2150E333-8FDC-42A3-9474-1A3956D46DE8}") = "extension", "extension", "{41AE8F8D-B51B-494B-8573-E7E9EF642BB0}"
EndProject
Project("{9A19103F-16F7-4668-BE54-9A1E7A4F7556}") = "Nexus.Extension.Famos", "extensions\Nexus.Extension.Famos\Nexus.Extension.Famos.csproj", "{E46FE0AF-8468-4018-98B5-B9C74A1B1FBD}"
EndProject
Project("{9A19103F-16F7-4668-BE54-9A1E7A4F7556}") = "Nexus.Extension.Mat73", "extensions\Nexus.Extension.Mat73\Nexus.Extension.Mat73.csproj", "{83E4962F-39C7-4007-A40D-BAB6D74D6240}"
EndProject
Project("{9A19103F-16F7-4668-BE54-9A1E7A4F7556}") = "Nexus.Core", "src\Nexus.Core\Nexus.Core.csproj", "{7F63F0AA-5146-4A61-BB22-AAB76FAB1D4B}"
EndProject
Project("{9A19103F-16F7-4668-BE54-9A1E7A4F7556}") = "Nexus.Tests", "tests\Nexus.Tests\Nexus.Tests.csproj", "{E8ADD668-F935-4AE3-B98B-8B6480ACE533}"
EndProject
Project("{9A19103F-16F7-4668-BE54-9A1E7A4F7556}") = "Nexus", "src\Nexus\Nexus.csproj", "{6DDD84D7-8FCF-4E49-A5DB-EAF95B0E040F}"
EndProject
Project("{9A19103F-16F7-4668-BE54-9A1E7A4F7556}") = "Nexus.Extensibility", "src\Nexus.Extensibility\Nexus.Extensibility.csproj", "{50E86970-3134-434C-8590-5C61819A92F7}"
EndProject
Project("{9A19103F-16F7-4668-BE54-9A1E7A4F7556}") = "Nexus.Extensibility.Tests", "tests\Nexus.Extensibility.Tests\Nexus.Extensibility.Tests.csproj", "{63758BAF-D4B2-46E5-B0A3-8BA8B103EFBD}"
EndProject
Project("{9A19103F-16F7-4668-BE54-9A1E7A4F7556}") = "Nexus.Core.Tests", "tests\Nexus.Core.Tests\Nexus.Core.Tests.csproj", "{770B340D-0709-4082-9A87-C9D9F6753D50}"
EndProject
Project("{2150E333-8FDC-42A3-9474-1A3956D46DE8}") = "benchmarks", "benchmarks", "{DF97B5B8-21D4-4E8F-BA1B-AE599467BF96}"
EndProject
Project("{9A19103F-16F7-4668-BE54-9A1E7A4F7556}") = "Nexus.Benchmarks", "benchmarks\Nexus.Benchmarks\Nexus.Benchmarks.csproj", "{E29181C1-EB63-46D9-92F5-B39B5D07A9E0}"
EndProject
Global
	GlobalSection(SolutionConfigurationPlatforms) = preSolution
		Debug|Any CPU = Debug|Any CPU
		Debug|x64 = Debug|x64
		Debug|x86 = Debug|x86
		Release|Any CPU = Release|Any CPU
		Release|x64 = Release|x64
		Release|x86 = Release|x86
	EndGlobalSection
	GlobalSection(ProjectConfigurationPlatforms) = postSolution
		{6F96C4C6-F442-4240-9D83-BAFE70D63ED3}.Debug|Any CPU.ActiveCfg = Debug|x86
		{6F96C4C6-F442-4240-9D83-BAFE70D63ED3}.Debug|x64.ActiveCfg = Debug|x86
		{6F96C4C6-F442-4240-9D83-BAFE70D63ED3}.Debug|x86.ActiveCfg = Debug|x86
		{6F96C4C6-F442-4240-9D83-BAFE70D63ED3}.Debug|x86.Build.0 = Debug|x86
		{6F96C4C6-F442-4240-9D83-BAFE70D63ED3}.Release|Any CPU.ActiveCfg = Release|x86
		{6F96C4C6-F442-4240-9D83-BAFE70D63ED3}.Release|x64.ActiveCfg = Release|x86
		{6F96C4C6-F442-4240-9D83-BAFE70D63ED3}.Release|x86.ActiveCfg = Release|x86
		{6F96C4C6-F442-4240-9D83-BAFE70D63ED3}.Release|x86.Build.0 = Release|x86
		{E46FE0AF-8468-4018-98B5-B9C74A1B1FBD}.Debug|Any CPU.ActiveCfg = Debug|Any CPU
		{E46FE0AF-8468-4018-98B5-B9C74A1B1FBD}.Debug|Any CPU.Build.0 = Debug|Any CPU
		{E46FE0AF-8468-4018-98B5-B9C74A1B1FBD}.Debug|x64.ActiveCfg = Debug|Any CPU
		{E46FE0AF-8468-4018-98B5-B9C74A1B1FBD}.Debug|x64.Build.0 = Debug|Any CPU
		{E46FE0AF-8468-4018-98B5-B9C74A1B1FBD}.Debug|x86.ActiveCfg = Debug|Any CPU
		{E46FE0AF-8468-4018-98B5-B9C74A1B1FBD}.Debug|x86.Build.0 = Debug|Any CPU
		{E46FE0AF-8468-4018-98B5-B9C74A1B1FBD}.Release|Any CPU.ActiveCfg = Release|Any CPU
		{E46FE0AF-8468-4018-98B5-B9C74A1B1FBD}.Release|Any CPU.Build.0 = Release|Any CPU
		{E46FE0AF-8468-4018-98B5-B9C74A1B1FBD}.Release|x64.ActiveCfg = Release|Any CPU
		{E46FE0AF-8468-4018-98B5-B9C74A1B1FBD}.Release|x64.Build.0 = Release|Any CPU
		{E46FE0AF-8468-4018-98B5-B9C74A1B1FBD}.Release|x86.ActiveCfg = Release|Any CPU
		{E46FE0AF-8468-4018-98B5-B9C74A1B1FBD}.Release|x86.Build.0 = Release|Any CPU
		{83E4962F-39C7-4007-A40D-BAB6D74D6240}.Debug|Any CPU.ActiveCfg = Debug|Any CPU
		{83E4962F-39C7-4007-A40D-BAB6D74D6240}.Debug|Any CPU.Build.0 = Debug|Any CPU
		{83E4962F-39C7-4007-A40D-BAB6D74D6240}.Debug|x64.ActiveCfg = Debug|Any CPU
		{83E4962F-39C7-4007-A40D-BAB6D74D6240}.Debug|x64.Build.0 = Debug|Any CPU
		{83E4962F-39C7-4007-A40D-BAB6D74D6240}.Debug|x86.ActiveCfg = Debug|Any CPU
		{83E4962F-39C7-4007-A40D-BAB6D74D6240}.Debug|x86.Build.0 = Debug|Any CPU
		{83E4962F-39C7-4007-A40D-BAB6D74D6240}.Release|Any CPU.ActiveCfg = Release|Any CPU
		{83E4962F-39C7-4007-A40D-BAB6D74D6240}.Release|Any CPU.Build.0 = Release|Any CPU
		{83E4962F-39C7-4007-A40D-BAB6D74D6240}.Release|x64.ActiveCfg = Release|Any CPU
		{83E4962F-39C7-4007-A40D-BAB6D74D6240}.Release|x64.Build.0 = Release|Any CPU
		{83E4962F-39C7-4007-A40D-BAB6D74D6240}.Release|x86.ActiveCfg = Release|Any CPU
		{83E4962F-39C7-4007-A40D-BAB6D74D6240}.Release|x86.Build.0 = Release|Any CPU
		{7F63F0AA-5146-4A61-BB22-AAB76FAB1D4B}.Debug|Any CPU.ActiveCfg = Debug|Any CPU
		{7F63F0AA-5146-4A61-BB22-AAB76FAB1D4B}.Debug|Any CPU.Build.0 = Debug|Any CPU
		{7F63F0AA-5146-4A61-BB22-AAB76FAB1D4B}.Debug|x64.ActiveCfg = Debug|Any CPU
		{7F63F0AA-5146-4A61-BB22-AAB76FAB1D4B}.Debug|x64.Build.0 = Debug|Any CPU
		{7F63F0AA-5146-4A61-BB22-AAB76FAB1D4B}.Debug|x86.ActiveCfg = Debug|Any CPU
		{7F63F0AA-5146-4A61-BB22-AAB76FAB1D4B}.Debug|x86.Build.0 = Debug|Any CPU
		{7F63F0AA-5146-4A61-BB22-AAB76FAB1D4B}.Release|Any CPU.ActiveCfg = Release|Any CPU
		{7F63F0AA-5146-4A61-BB22-AAB76FAB1D4B}.Release|Any CPU.Build.0 = Release|Any CPU
		{7F63F0AA-5146-4A61-BB22-AAB76FAB1D4B}.Release|x64.ActiveCfg = Release|Any CPU
		{7F63F0AA-5146-4A61-BB22-AAB76FAB1D4B}.Release|x64.Build.0 = Release|Any CPU
		{7F63F0AA-5146-4A61-BB22-AAB76FAB1D4B}.Release|x86.ActiveCfg = Release|Any CPU
		{7F63F0AA-5146-4A61-BB22-AAB76FAB1D4B}.Release|x86.Build.0 = Release|Any CPU
		{E8ADD668-F935-4AE3-B98B-8B6480ACE533}.Debug|Any CPU.ActiveCfg = Debug|Any CPU
		{E8ADD668-F935-4AE3-B98B-8B6480ACE533}.Debug|Any CPU.Build.0 = Debug|Any CPU
		{E8ADD668-F935-4AE3-B98B-8B6480ACE533}.Debug|x64.ActiveCfg = Debug|Any CPU
		{E8ADD668-F935-4AE3-B98B-8B6480ACE533}.Debug|x64.Build.0 = Debug|Any CPU
		{E8ADD668-F935-4AE3-B98B-8B6480ACE533}.Debug|x86.ActiveCfg = Debug|Any CPU
		{E8ADD668-F935-4AE3-B98B-8B6480ACE533}.Debug|x86.Build.0 = Debug|Any CPU
		{E8ADD668-F935-4AE3-B98B-8B6480ACE533}.Release|Any CPU.ActiveCfg = Release|Any CPU
		{E8ADD668-F935-4AE3-B98B-8B6480ACE533}.Release|Any CPU.Build.0 = Release|Any CPU
		{E8ADD668-F935-4AE3-B98B-8B6480ACE533}.Release|x64.ActiveCfg = Release|Any CPU
		{E8ADD668-F935-4AE3-B98B-8B6480ACE533}.Release|x64.Build.0 = Release|Any CPU
		{E8ADD668-F935-4AE3-B98B-8B6480ACE533}.Release|x86.ActiveCfg = Release|Any CPU
		{E8ADD668-F935-4AE3-B98B-8B6480ACE533}.Release|x86.Build.0 = Release|Any CPU
		{6DDD84D7-8FCF-4E49-A5DB-EAF95B0E040F}.Debug|Any CPU.ActiveCfg = Debug|Any CPU
		{6DDD84D7-8FCF-4E49-A5DB-EAF95B0E040F}.Debug|Any CPU.Build.0 = Debug|Any CPU
		{6DDD84D7-8FCF-4E49-A5DB-EAF95B0E040F}.Debug|x64.ActiveCfg = Debug|Any CPU
		{6DDD84D7-8FCF-4E49-A5DB-EAF95B0E040F}.Debug|x64.Build.0 = Debug|Any CPU
		{6DDD84D7-8FCF-4E49-A5DB-EAF95B0E040F}.Debug|x86.ActiveCfg = Debug|Any CPU
		{6DDD84D7-8FCF-4E49-A5DB-EAF95B0E040F}.Debug|x86.Build.0 = Debug|Any CPU
		{6DDD84D7-8FCF-4E49-A5DB-EAF95B0E040F}.Release|Any CPU.ActiveCfg = Release|Any CPU
		{6DDD84D7-8FCF-4E49-A5DB-EAF95B0E040F}.Release|Any CPU.Build.0 = Release|Any CPU
		{6DDD84D7-8FCF-4E49-A5DB-EAF95B0E040F}.Release|x64.ActiveCfg = Release|Any CPU
		{6DDD84D7-8FCF-4E49-A5DB-EAF95B0E040F}.Release|x64.Build.0 = Release|Any CPU
		{6DDD84D7-8FCF-4E49-A5DB-EAF95B0E040F}.Release|x86.ActiveCfg = Release|Any CPU
		{6DDD84D7-8FCF-4E49-A5DB-EAF95B0E040F}.Release|x86.Build.0 = Release|Any CPU
		{50E86970-3134-434C-8590-5C61819A92F7}.Debug|Any CPU.ActiveCfg = Debug|Any CPU
		{50E86970-3134-434C-8590-5C61819A92F7}.Debug|Any CPU.Build.0 = Debug|Any CPU
		{50E86970-3134-434C-8590-5C61819A92F7}.Debug|x64.ActiveCfg = Debug|Any CPU
		{50E86970-3134-434C-8590-5C61819A92F7}.Debug|x64.Build.0 = Debug|Any CPU
		{50E86970-3134-434C-8590-5C61819A92F7}.Debug|x86.ActiveCfg = Debug|Any CPU
		{50E86970-3134-434C-8590-5C61819A92F7}.Debug|x86.Build.0 = Debug|Any CPU
		{50E86970-3134-434C-8590-5C61819A92F7}.Release|Any CPU.ActiveCfg = Release|Any CPU
		{50E86970-3134-434C-8590-5C61819A92F7}.Release|Any CPU.Build.0 = Release|Any CPU
		{50E86970-3134-434C-8590-5C61819A92F7}.Release|x64.ActiveCfg = Release|Any CPU
		{50E86970-3134-434C-8590-5C61819A92F7}.Release|x64.Build.0 = Release|Any CPU
		{50E86970-3134-434C-8590-5C61819A92F7}.Release|x86.ActiveCfg = Release|Any CPU
		{50E86970-3134-434C-8590-5C61819A92F7}.Release|x86.Build.0 = Release|Any CPU
		{63758BAF-D4B2-46E5-B0A3-8BA8B103EFBD}.Debug|Any CPU.ActiveCfg = Debug|Any CPU
		{63758BAF-D4B2-46E5-B0A3-8BA8B103EFBD}.Debug|Any CPU.Build.0 = Debug|Any CPU
		{63758BAF-D4B2-46E5-B0A3-8BA8B103EFBD}.Debug|x64.ActiveCfg = Debug|Any CPU
		{63758BAF-D4B2-46E5-B0A3-8BA8B103EFBD}.Debug|x64.Build.0 = Debug|Any CPU
		{63758BAF-D4B2-46E5-B0A3-8BA8B103EFBD}.Debug|x86.ActiveCfg = Debug|Any CPU
		{63758BAF-D4B2-46E5-B0A3-8BA8B103EFBD}.Debug|x86.Build.0 = Debug|Any CPU
		{63758BAF-D4B2-46E5-B0A3-8BA8B103EFBD}.Release|Any CPU.ActiveCfg = Release|Any CPU
		{63758BAF-D4B2-46E5-B0A3-8BA8B103EFBD}.Release|Any CPU.Build.0 = Release|Any CPU
		{63758BAF-D4B2-46E5-B0A3-8BA8B103EFBD}.Release|x64.ActiveCfg = Release|Any CPU
		{63758BAF-D4B2-46E5-B0A3-8BA8B103EFBD}.Release|x64.Build.0 = Release|Any CPU
		{63758BAF-D4B2-46E5-B0A3-8BA8B103EFBD}.Release|x86.ActiveCfg = Release|Any CPU
		{63758BAF-D4B2-46E5-B0A3-8BA8B103EFBD}.Release|x86.Build.0 = Release|Any CPU
		{770B340D-0709-4082-9A87-C9D9F6753D50}.Debug|Any CPU.ActiveCfg = Debug|Any CPU
		{770B340D-0709-4082-9A87-C9D9F6753D50}.Debug|Any CPU.Build.0 = Debug|Any CPU
		{770B340D-0709-4082-9A87-C9D9F6753D50}.Debug|x64.ActiveCfg = Debug|Any CPU
		{770B340D-0709-4082-9A87-C9D9F6753D50}.Debug|x64.Build.0 = Debug|Any CPU
		{770B340D-0709-4082-9A87-C9D9F6753D50}.Debug|x86.ActiveCfg = Debug|Any CPU
		{770B340D-0709-4082-9A87-C9D9F6753D50}.Debug|x86.Build.0 = Debug|Any CPU
		{770B340D-0709-4082-9A87-C9D9F6753D50}.Release|Any CPU.ActiveCfg = Release|Any CPU
		{770B340D-0709-4082-9A87-C9D9F6753D50}.Release|Any CPU.Build.0 = Release|Any CPU
		{770B340D-0709-4082-9A87-C9D9F6753D50}.Release|x64.ActiveCfg = Release|Any CPU
		{770B340D-0709-4082-9A87-C9D9F6753D50}.Release|x64.Build.0 = Release|Any CPU
		{770B340D-0709-4082-9A87-C9D9F6753D50}.Release|x86.ActiveCfg = Release|Any CPU
		{770B340D-0709-4082-9A87-C9D9F6753D50}.Release|x86.Build.0 = Release|Any CPU
		{E29181C1-EB63-46D9-92F5-B39B5D07A9E0}.Debug|Any CPU.ActiveCfg = Debug|Any CPU
		{E29181C1-EB63-46D9-92F5-B39B5D07A9E0}.Debug|Any CPU.Build.0 = Debug|Any CPU
		{E29181C1-EB63-46D9-92F5-B39B5D07A9E0}.Debug|x64.ActiveCfg = Debug|Any CPU
		{E29181C1-EB63-46D9-92F5-B39B5D07A9E0}.Debug|x64.Build.0 = Debug|Any CPU
		{E29181C1-EB63-46D9-92F5-B39B5D07A9E0}.Debug|x86.ActiveCfg = Debug|Any CPU
		{E29181C1-EB63-46D9-92F5-B39B5D07A9E0}.Debug|x86.Build.0 = Debug|Any CPU
		{E29181C1-EB63-46D9-92F5-B39B5D07A9E0}.Release|Any CPU.ActiveCfg = Release|Any CPU
		{E29181C1-EB63-46D9-92F5-B39B5D07A9E0}.Release|Any CPU.Build.0 = Release|Any CPU
		{E29181C1-EB63-46D9-92F5-B39B5D07A9E0}.Release|x64.ActiveCfg = Release|Any CPU
		{E29181C1-EB63-46D9-92F5-B39B5D07A9E0}.Release|x64.Build.0 = Release|Any CPU
		{E29181C1-EB63-46D9-92F5-B39B5D07A9E0}.Release|x86.ActiveCfg = Release|Any CPU
		{E29181C1-EB63-46D9-92F5-B39B5D07A9E0}.Release|x86.Build.0 = Release|Any CPU
	EndGlobalSection
	GlobalSection(SolutionProperties) = preSolution
		HideSolutionNode = FALSE
	EndGlobalSection
	GlobalSection(NestedProjects) = preSolution
		{6F96C4C6-F442-4240-9D83-BAFE70D63ED3} = {D4BFDD2B-4F50-4AF3-8906-6C003E70BA56}
		{E46FE0AF-8468-4018-98B5-B9C74A1B1FBD} = {41AE8F8D-B51B-494B-8573-E7E9EF642BB0}
		{83E4962F-39C7-4007-A40D-BAB6D74D6240} = {41AE8F8D-B51B-494B-8573-E7E9EF642BB0}
		{7F63F0AA-5146-4A61-BB22-AAB76FAB1D4B} = {D4BFDD2B-4F50-4AF3-8906-6C003E70BA56}
		{E8ADD668-F935-4AE3-B98B-8B6480ACE533} = {3DBD52E4-26F8-413F-A954-2BE86E572F3E}
		{6DDD84D7-8FCF-4E49-A5DB-EAF95B0E040F} = {D4BFDD2B-4F50-4AF3-8906-6C003E70BA56}
		{50E86970-3134-434C-8590-5C61819A92F7} = {D4BFDD2B-4F50-4AF3-8906-6C003E70BA56}
		{63758BAF-D4B2-46E5-B0A3-8BA8B103EFBD} = {3DBD52E4-26F8-413F-A954-2BE86E572F3E}
		{770B340D-0709-4082-9A87-C9D9F6753D50} = {3DBD52E4-26F8-413F-A954-2BE86E572F3E}
		{E29181C1-EB63-46D9-92F5-B39B5D07A9E0} = {DF97B5B8-21D4-4E8F-BA1B-AE599467BF96}
	EndGlobalSection
	GlobalSection(ExtensibilityGlobals) = postSolution
		SolutionGuid = {F998BD6D-3E2B-4AA0-A7A4-FD84100C45A4}
	EndGlobalSection
EndGlobal
